{
  "version": 4,
  "terraform_version": "1.5.7",
  "serial": 10,
  "lineage": "a93ec544-eae3-9f25-005f-5edcc7b5f9cf",
  "outputs": {
    "app_ip": {
      "value": "192.168.64.5",
      "type": "string"
    },
    "db_ip": {
      "value": "192.168.64.6",
      "type": "string"
    }
  },
  "resources": [
    {
      "mode": "data",
      "type": "external",
      "name": "utm",
      "provider": "provider[\"registry.terraform.io/hashicorp/external\"]",
      "instances": [
        {
          "schema_version": 0,
          "attributes": {
            "id": "-",
            "program": [
              "bash",
              "./../scripts/utm_ensure_vms.sh"
            ],
            "query": {
              "APP_NAME": "app-vm",
              "DB_NAME": "db-vm",
              "TEMPLATE_NAME": "tmpl-ubuntu"
            },
            "result": {
              "app_ip": "192.168.64.5",
              "db_ip": "192.168.64.6"
            },
            "working_dir": null
          },
          "sensitive_attributes": []
        }
      ]
    },
    {
      "mode": "managed",
      "type": "local_file",
      "name": "inventory",
      "provider": "provider[\"registry.terraform.io/hashicorp/local\"]",
      "instances": [
        {
          "schema_version": 0,
          "attributes": {
            "content": "[app]\n192.168.64.5 ansible_user=debian\n\n[db]\n192.168.64.6 ansible_user=debian\n\n[all:vars]\nansible_python_interpreter=/usr/bin/python3\n",
            "content_base64": null,
            "content_base64sha256": "UpxfdqOxCr8r2aHAklV5XDd1pSdmpIdiNBwRnl4LcZc=",
            "content_base64sha512": "8O5YkI0sSUSPSKw8D9fxMi8vHI0nlzgbX+zUMCAUh0iPfmcRYunggDrLifK1Q0Kvdmb7tjY9xAFvpslEaiqysg==",
            "content_md5": "4882fee6ed129e59636e2971475621e0",
            "content_sha1": "e35edbda90876aba77dc47811c6a888afba5d0a7",
            "content_sha256": "529c5f76a3b10abf2bd9a1c09255795c3775a52766a48762341c119e5e0b7197",
            "content_sha512": "f0ee58908d2c49448f48ac3c0fd7f1322f2f1c8d2797381b5fecd430201487488f7e671162e9e0803acb89f2b54342af7666fbb6363dc4016fa6c9446a2ab2b2",
            "directory_permission": "0777",
            "file_permission": "0777",
            "filename": "./../ansible/inventory.ini",
            "id": "e35edbda90876aba77dc47811c6a888afba5d0a7",
            "sensitive_content": null,
            "source": null
          },
          "sensitive_attributes": [],
          "dependencies": [
            "data.external.utm"
          ]
        }
      ]
    },
    {
      "mode": "managed",
      "type": "null_resource",
      "name": "destroy_hook",
      "provider": "provider[\"registry.terraform.io/hashicorp/null\"]",
      "instances": [
        {
          "schema_version": 0,
          "attributes": {
            "id": "7285641804877562234",
            "triggers": {
              "app": "app-vm",
              "db": "db-vm"
            }
          },
          "sensitive_attributes": []
        }
      ]
    }
  ],
  "check_results": null
}
